// !$*UTF8*$!
{
	archiveVersion = 1;
	classes = {
	};
	objectVersion = 46;
	objects = {

/* Begin PBXBuildFile section */
		CC78F76D1AF51AC7007942F8 /* AppDelegate.swift in Sources */ = {isa = PBXBuildFile; fileRef = CC78F76C1AF51AC7007942F8 /* AppDelegate.swift */; };
		CC78F76F1AF51AC7007942F8 /* ViewController.swift in Sources */ = {isa = PBXBuildFile; fileRef = CC78F76E1AF51AC7007942F8 /* ViewController.swift */; };
		CC78F7721AF51AC7007942F8 /* Main.storyboard in Resources */ = {isa = PBXBuildFile; fileRef = CC78F7701AF51AC7007942F8 /* Main.storyboard */; };
		CC78F7741AF51AC7007942F8 /* Images.xcassets in Resources */ = {isa = PBXBuildFile; fileRef = CC78F7731AF51AC7007942F8 /* Images.xcassets */; };
		CC78F7771AF51AC7007942F8 /* LaunchScreen.xib in Resources */ = {isa = PBXBuildFile; fileRef = CC78F7751AF51AC7007942F8 /* LaunchScreen.xib */; };
		CC78F7831AF51AC8007942F8 /* LightSwitchTests.swift in Sources */ = {isa = PBXBuildFile; fileRef = CC78F7821AF51AC8007942F8 /* LightSwitchTests.swift */; };
/* End PBXBuildFile section */

/* Begin PBXContainerItemProxy section */
		CC78F77D1AF51AC8007942F8 /* PBXContainerItemProxy */ = {
			isa = PBXContainerItemProxy;
			containerPortal = CC78F75F1AF51AC7007942F8 /* Project object */;
			proxyType = 1;
			remoteGlobalIDString = CC78F7661AF51AC7007942F8;
			remoteInfo = LightSwitch;
		};
/* End PBXContainerItemProxy section */

/* Begin PBXFileReference section */
		CC78F7671AF51AC7007942F8 /* LightSwitch.app */ = {isa = PBXFileReference; explicitFileType = wrapper.application; includeInIndex = 0; path = LightSwitch.app; sourceTree = BUILT_PRODUCTS_DIR; };
		CC78F76B1AF51AC7007942F8 /* Info.plist */ = {isa = PBXFileReference; lastKnownFileType = text.plist.xml; path = Info.plist; sourceTree = "<group>"; };
		CC78F76C1AF51AC7007942F8 /* AppDelegate.swift */ = {isa = PBXFileReference; lastKnownFileType = sourcecode.swift; path = AppDelegate.swift; sourceTree = "<group>"; };
		CC78F76E1AF51AC7007942F8 /* ViewController.swift */ = {isa = PBXFileReference; lastKnownFileType = sourcecode.swift; path = ViewController.swift; sourceTree = "<group>"; };
		CC78F7711AF51AC7007942F8 /* Base */ = {isa = PBXFileReference; lastKnownFileType = file.storyboard; name = Base; path = Base.lproj/Main.storyboard; sourceTree = "<group>"; };
		CC78F7731AF51AC7007942F8 /* Images.xcassets */ = {isa = PBXFileReference; lastKnownFileType = folder.assetcatalog; path = Images.xcassets; sourceTree = "<group>"; };
		CC78F7761AF51AC7007942F8 /* Base */ = {isa = PBXFileReference; lastKnownFileType = file.xib; name = Base; path = Base.lproj/LaunchScreen.xib; sourceTree = "<group>"; };
		CC78F77C1AF51AC8007942F8 /* LightSwitchTests.xctest */ = {isa = PBXFileReference; explicitFileType = wrapper.cfbundle; includeInIndex = 0; path = LightSwitchTests.xctest; sourceTree = BUILT_PRODUCTS_DIR; };
		CC78F7811AF51AC8007942F8 /* Info.plist */ = {isa = PBXFileReference; lastKnownFileType = text.plist.xml; path = Info.plist; sourceTree = "<group>"; };
		CC78F7821AF51AC8007942F8 /* LightSwitchTests.swift */ = {isa = PBXFileReference; lastKnownFileType = sourcecode.swift; path = LightSwitchTests.swift; sourceTree = "<group>"; };
/* End PBXFileReference section */

/* Begin PBXFrameworksBuildPhase section */
		CC78F7641AF51AC7007942F8 /* Frameworks */ = {
			isa = PBXFrameworksBuildPhase;
			buildActionMask = 2147483647;
			files = (
			);
			runOnlyForDeploymentPostprocessing = 0;
		};
		CC78F7791AF51AC8007942F8 /* Frameworks */ = {
			isa = PBXFrameworksBuildPhase;
			buildActionMask = 2147483647;
			files = (
			);
			runOnlyForDeploymentPostprocessing = 0;
		};
/* End PBXFrameworksBuildPhase section */

/* Begin PBXGroup section */
		CC78F75E1AF51AC7007942F8 = {
			isa = PBXGroup;
			children = (
				CC78F7691AF51AC7007942F8 /* LightSwitch */,
				CC78F77F1AF51AC8007942F8 /* LightSwitchTests */,
				CC78F7681AF51AC7007942F8 /* Products */,
			);
			sourceTree = "<group>";
		};
		CC78F7681AF51AC7007942F8 /* Products */ = {
			isa = PBXGroup;
			children = (
				CC78F7671AF51AC7007942F8 /* LightSwitch.app */,
				CC78F77C1AF51AC8007942F8 /* LightSwitchTests.xctest */,
			);
			name = Products;
			sourceTree = "<group>";
		};
		CC78F7691AF51AC7007942F8 /* LightSwitch */ = {
			isa = PBXGroup;
			children = (
				CC78F76C1AF51AC7007942F8 /* AppDelegate.swift */,
				CC78F76E1AF51AC7007942F8 /* ViewController.swift */,
				CC78F7701AF51AC7007942F8 /* Main.storyboard */,
				CC78F7731AF51AC7007942F8 /* Images.xcassets */,
				CC78F7751AF51AC7007942F8 /* LaunchScreen.xib */,
				CC78F76A1AF51AC7007942F8 /* Supporting Files */,
			);
			path = LightSwitch;
			sourceTree = "<group>";
		};
		CC78F76A1AF51AC7007942F8 /* Supporting Files */ = {
			isa = PBXGroup;
			children = (
				CC78F76B1AF51AC7007942F8 /* Info.plist */,
			);
			name = "Supporting Files";
			sourceTree = "<group>";
		};
		CC78F77F1AF51AC8007942F8 /* LightSwitchTests */ = {
			isa = PBXGroup;
			children = (
				CC78F7821AF51AC8007942F8 /* LightSwitchTests.swift */,
				CC78F7801AF51AC8007942F8 /* Supporting Files */,
			);
			path = LightSwitchTests;
			sourceTree = "<group>";
		};
		CC78F7801AF51AC8007942F8 /* Supporting Files */ = {
			isa = PBXGroup;
			children = (
				CC78F7811AF51AC8007942F8 /* Info.plist */,
			);
			name = "Supporting Files";
			sourceTree = "<group>";
		};
/* End PBXGroup section */

/* Begin PBXNativeTarget section */
		CC78F7661AF51AC7007942F8 /* LightSwitch */ = {
			isa = PBXNativeTarget;
			buildConfigurationList = CC78F7861AF51AC8007942F8 /* Build configuration list for PBXNativeTarget "LightSwitch" */;
			buildPhases = (
				CC78F7631AF51AC7007942F8 /* Sources */,
				CC78F7641AF51AC7007942F8 /* Frameworks */,
				CC78F7651AF51AC7007942F8 /* Resources */,
			);
			buildRules = (
			);
			dependencies = (
			);
			name = LightSwitch;
			productName = LightSwitch;
			productReference = CC78F7671AF51AC7007942F8 /* LightSwitch.app */;
			productType = "com.apple.product-type.application";
		};
		CC78F77B1AF51AC8007942F8 /* LightSwitchTests */ = {
			isa = PBXNativeTarget;
			buildConfigurationList = CC78F7891AF51AC8007942F8 /* Build configuration list for PBXNativeTarget "LightSwitchTests" */;
			buildPhases = (
				CC78F7781AF51AC8007942F8 /* Sources */,
				CC78F7791AF51AC8007942F8 /* Frameworks */,
				CC78F77A1AF51AC8007942F8 /* Resources */,
			);
			buildRules = (
			);
			dependencies = (
				CC78F77E1AF51AC8007942F8 /* PBXTargetDependency */,
			);
			name = LightSwitchTests;
			productName = LightSwitchTests;
			productReference = CC78F77C1AF51AC8007942F8 /* LightSwitchTests.xctest */;
			productType = "com.apple.product-type.bundle.unit-test";
		};
/* End PBXNativeTarget section */

/* Begin PBXProject section */
		CC78F75F1AF51AC7007942F8 /* Project object */ = {
			isa = PBXProject;
			attributes = {
				LastUpgradeCheck = 0630;
				ORGANIZATIONNAME = "Peter Kuhar";
				TargetAttributes = {
					CC78F7661AF51AC7007942F8 = {
						CreatedOnToolsVersion = 6.3;
					};
					CC78F77B1AF51AC8007942F8 = {
						CreatedOnToolsVersion = 6.3;
						TestTargetID = CC78F7661AF51AC7007942F8;
					};
				};
			};
			buildConfigurationList = CC78F7621AF51AC7007942F8 /* Build configuration list for PBXProject "LightSwitch" */;
			compatibilityVersion = "Xcode 3.2";
			developmentRegion = English;
			hasScannedForEncodings = 0;
			knownRegions = (
				en,
				Base,
			);
			mainGroup = CC78F75E1AF51AC7007942F8;
			productRefGroup = CC78F7681AF51AC7007942F8 /* Products */;
			projectDirPath = "";
			projectRoot = "";
			targets = (
				CC78F7661AF51AC7007942F8 /* LightSwitch */,
				CC78F77B1AF51AC8007942F8 /* LightSwitchTests */,
			);
		};
/* End PBXProject section */

/* Begin PBXResourcesBuildPhase section */
		CC78F7651AF51AC7007942F8 /* Resources */ = {
			isa = PBXResourcesBuildPhase;
			buildActionMask = 2147483647;
			files = (
				CC78F7721AF51AC7007942F8 /* Main.storyboard in Resources */,
				CC78F7771AF51AC7007942F8 /* LaunchScreen.xib in Resources */,
				CC78F7741AF51AC7007942F8 /* Images.xcassets in Resources */,
			);
			runOnlyForDeploymentPostprocessing = 0;
		};
		CC78F77A1AF51AC8007942F8 /* Resources */ = {
			isa = PBXResourcesBuildPhase;
			buildActionMask = 2147483647;
			files = (
			);
			runOnlyForDeploymentPostprocessing = 0;
		};
/* End PBXResourcesBuildPhase section */

/* Begin PBXSourcesBuildPhase section */
		CC78F7631AF51AC7007942F8 /* Sources */ = {
			isa = PBXSourcesBuildPhase;
			buildActionMask = 2147483647;
			files = (
				CC78F76F1AF51AC7007942F8 /* ViewController.swift in Sources */,
				CC78F76D1AF51AC7007942F8 /* AppDelegate.swift in Sources */,
			);
			runOnlyForDeploymentPostprocessing = 0;
		};
		CC78F7781AF51AC8007942F8 /* Sources */ = {
			isa = PBXSourcesBuildPhase;
			buildActionMask = 2147483647;
			files = (
				CC78F7831AF51AC8007942F8 /* LightSwitchTests.swift in Sources */,
			);
			runOnlyForDeploymentPostprocessing = 0;
		};
/* End PBXSourcesBuildPhase section */

/* Begin PBXTargetDependency section */
		CC78F77E1AF51AC8007942F8 /* PBXTargetDependency */ = {
			isa = PBXTargetDependency;
			target = CC78F7661AF51AC7007942F8 /* LightSwitch */;
			targetProxy = CC78F77D1AF51AC8007942F8 /* PBXContainerItemProxy */;
		};
/* End PBXTargetDependency section */

/* Begin PBXVariantGroup section */
		CC78F7701AF51AC7007942F8 /* Main.storyboard */ = {
			isa = PBXVariantGroup;
			children = (
				CC78F7711AF51AC7007942F8 /* Base */,
			);
			name = Main.storyboard;
			sourceTree = "<group>";
		};
		CC78F7751AF51AC7007942F8 /* LaunchScreen.xib */ = {
			isa = PBXVariantGroup;
			children = (
				CC78F7761AF51AC7007942F8 /* Base */,
			);
			name = LaunchScreen.xib;
			sourceTree = "<group>";
		};
/* End PBXVariantGroup section */

/* Begin XCBuildConfiguration section */
		CC78F7841AF51AC8007942F8 /* Debug */ = {
			isa = XCBuildConfiguration;
			buildSettings = {
				ALWAYS_SEARCH_USER_PATHS = NO;
				CLANG_CXX_LANGUAGE_STANDARD = "gnu++0x";
				CLANG_CXX_LIBRARY = "libc++";
				CLANG_ENABLE_MODULES = YES;
				CLANG_ENABLE_OBJC_ARC = YES;
				CLANG_WARN_BOOL_CONVERSION = YES;
				CLANG_WARN_CONSTANT_CONVERSION = YES;
				CLANG_WARN_DIRECT_OBJC_ISA_USAGE = YES_ERROR;
				CLANG_WARN_EMPTY_BODY = YES;
				CLANG_WARN_ENUM_CONVERSION = YES;
				CLANG_WARN_INT_CONVERSION = YES;
				CLANG_WARN_OBJC_ROOT_CLASS = YES_ERROR;
				CLANG_WARN_UNREACHABLE_CODE = YES;
				CLANG_WARN__DUPLICATE_METHOD_MATCH = YES;
				"CODE_SIGN_IDENTITY[sdk=iphoneos*]" = "iPhone Developer";
				COPY_PHASE_STRIP = NO;
				DEBUG_INFORMATION_FORMAT = "dwarf-with-dsym";
				ENABLE_STRICT_OBJC_MSGSEND = YES;
				GCC_C_LANGUAGE_STANDARD = gnu99;
				GCC_DYNAMIC_NO_PIC = NO;
				GCC_NO_COMMON_BLOCKS = YES;
				GCC_OPTIMIZATION_LEVEL = 0;
				GCC_PREPROCESSOR_DEFINITIONS = (
					"DEBUG=1",
					"$(inherited)",
				);
				GCC_SYMBOLS_PRIVATE_EXTERN = NO;
				GCC_WARN_64_TO_32_BIT_CONVERSION = YES;
				GCC_WARN_ABOUT_RETURN_TYPE = YES_ERROR;
				GCC_WARN_UNDECLARED_SELECTOR = YES;
				GCC_WARN_UNINITIALIZED_AUTOS = YES_AGGRESSIVE;
				GCC_WARN_UNUSED_FUNCTION = YES;
				GCC_WARN_UNUSED_VARIABLE = YES;
				IPHONEOS_DEPLOYMENT_TARGET = 8.3;
				MTL_ENABLE_DEBUG_INFO = YES;
				ONLY_ACTIVE_ARCH = YES;
				SDKROOT = iphoneos;
				SWIFT_OPTIMIZATION_LEVEL = "-Onone";
				TARGETED_DEVICE_FAMILY = "1,2";
			};
			name = Debug;
		};
		CC78F7851AF51AC8007942F8 /* Release */ = {
			isa = XCBuildConfiguration;
			buildSettings = {
				ALWAYS_SEARCH_USER_PATHS = NO;
				CLANG_CXX_LANGUAGE_STANDARD = "gnu++0x";
				CLANG_CXX_LIBRARY = "libc++";
				CLANG_ENABLE_MODULES = YES;
				CLANG_ENABLE_OBJC_ARC = YES;
				CLANG_WARN_BOOL_CONVERSION = YES;
				CLANG_WARN_CONSTANT_CONVERSION = YES;
				CLANG_WARN_DIRECT_OBJC_ISA_USAGE = YES_ERROR;
				CLANG_WARN_EMPTY_BODY = YES;
				CLANG_WARN_ENUM_CONVERSION = YES;
				CLANG_WARN_INT_CONVERSION = YES;
				CLANG_WARN_OBJC_ROOT_CLASS = YES_ERROR;
				CLANG_WARN_UNREACHABLE_CODE = YES;
				CLANG_WARN__DUPLICATE_METHOD_MATCH = YES;
				"CODE_SIGN_IDENTITY[sdk=iphoneos*]" = "iPhone Developer";
				COPY_PHASE_STRIP = NO;
				DEBUG_INFORMATION_FORMAT = "dwarf-with-dsym";
				ENABLE_NS_ASSERTIONS = NO;
				ENABLE_STRICT_OBJC_MSGSEND = YES;
				GCC_C_LANGUAGE_STANDARD = gnu99;
				GCC_NO_COMMON_BLOCKS = YES;
				GCC_WARN_64_TO_32_BIT_CONVERSION = YES;
				GCC_WARN_ABOUT_RETURN_TYPE = YES_ERROR;
				GCC_WARN_UNDECLARED_SELECTOR = YES;
				GCC_WARN_UNINITIALIZED_AUTOS = YES_AGGRESSIVE;
				GCC_WARN_UNUSED_FUNCTION = YES;
				GCC_WARN_UNUSED_VARIABLE = YES;
				IPHONEOS_DEPLOYMENT_TARGET = 8.3;
				MTL_ENABLE_DEBUG_INFO = NO;
				SDKROOT = iphoneos;
				TARGETED_DEVICE_FAMILY = "1,2";
				VALIDATE_PRODUCT = YES;
			};
			name = Release;
		};
		CC78F7871AF51AC8007942F8 /* Debug */ = {
			isa = XCBuildConfiguration;
			buildSettings = {
				ASSETCATALOG_COMPILER_APPICON_NAME = AppIcon;
				INFOPLIST_FILE = LightSwitch/Info.plist;
				LD_RUNPATH_SEARCH_PATHS = "$(inherited) @executable_path/Frameworks";
				PRODUCT_NAME = "$(TARGET_NAME)";
			};
			name = Debug;
		};
		CC78F7881AF51AC8007942F8 /* Release */ = {
			isa = XCBuildConfiguration;
			buildSettings = {
				ASSETCATALOG_COMPILER_APPICON_NAME = AppIcon;
				INFOPLIST_FILE = LightSwitch/Info.plist;
				LD_RUNPATH_SEARCH_PATHS = "$(inherited) @executable_path/Frameworks";
				PRODUCT_NAME = "$(TARGET_NAME)";
			};
			name = Release;
		};
		CC78F78A1AF51AC8007942F8 /* Debug */ = {
			isa = XCBuildConfiguration;
			buildSettings = {
				BUNDLE_LOADER = "$(TEST_HOST)";
				FRAMEWORK_SEARCH_PATHS = (
					"$(SDKROOT)/Developer/Library/Frameworks",
					"$(inherited)",
				);
				GCC_PREPROCESSOR_DEFINITIONS = (
					"DEBUG=1",
					"$(inherited)",
				);
				INFOPLIST_FILE = LightSwitchTests/Info.plist;
				LD_RUNPATH_SEARCH_PATHS = "$(inherited) @executable_path/Frameworks @loader_path/Frameworks";
				PRODUCT_NAME = "$(TARGET_NAME)";
				TEST_HOST = "$(BUILT_PRODUCTS_DIR)/LightSwitch.app/LightSwitch";
			};
			name = Debug;
		};
		CC78F78B1AF51AC8007942F8 /* Release */ = {
			isa = XCBuildConfiguration;
			buildSettings = {
				BUNDLE_LOADER = "$(TEST_HOST)";
				FRAMEWORK_SEARCH_PATHS = (
					"$(SDKROOT)/Developer/Library/Frameworks",
					"$(inherited)",
				);
				INFOPLIST_FILE = LightSwitchTests/Info.plist;
				LD_RUNPATH_SEARCH_PATHS = "$(inherited) @executable_path/Frameworks @loader_path/Frameworks";
				PRODUCT_NAME = "$(TARGET_NAME)";
				TEST_HOST = "$(BUILT_PRODUCTS_DIR)/LightSwitch.app/LightSwitch";
			};
			name = Release;
		};
/* End XCBuildConfiguration section */

/* Begin XCConfigurationList section */
		CC78F7621AF51AC7007942F8 /* Build configuration list for PBXProject "LightSwitch" */ = {
			isa = XCConfigurationList;
			buildConfigurations = (
				CC78F7841AF51AC8007942F8 /* Debug */,
				CC78F7851AF51AC8007942F8 /* Release */,
			);
			defaultConfigurationIsVisible = 0;
			defaultConfigurationName = Release;
		};
		CC78F7861AF51AC8007942F8 /* Build configuration list for PBXNativeTarget "LightSwitch" */ = {
			isa = XCConfigurationList;
			buildConfigurations = (
				CC78F7871AF51AC8007942F8 /* Debug */,
				CC78F7881AF51AC8007942F8 /* Release */,
			);
			defaultConfigurationIsVisible = 0;
		};
		CC78F7891AF51AC8007942F8 /* Build configuration list for PBXNativeTarget "LightSwitchTests" */ = {
			isa = XCConfigurationList;
			buildConfigurations = (
				CC78F78A1AF51AC8007942F8 /* Debug */,
				CC78F78B1AF51AC8007942F8 /* Release */,
			);
			defaultConfigurationIsVisible = 0;
		};
/* End XCConfigurationList section */
	};
	rootObject = CC78F75F1AF51AC7007942F8 /* Project object */;
}
